
Microsoft Visual Studio Solution File, Format Version 12.00
Project("{FAE04EC0-301F-11D3-BF4B-00C04F79EFBC}") = "BopNet", "BopNet\BopNet.csproj", "{435768C3-396D-48B9-9E52-F3F686D79123}"
EndProject
Project("{FAE04EC0-301F-11D3-BF4B-00C04F79EFBC}") = "BopNetTest", "BopNetTest\BopNetTest.csproj", "{D45C7D8C-2965-4B9B-B943-0DFD86BD62C6}"
EndProject
Global
	GlobalSection(SolutionConfigurationPlatforms) = preSolution
		Debug|Any CPU = Debug|Any CPU
		Release|Any CPU = Release|Any CPU
	EndGlobalSection
	GlobalSection(ProjectConfigurationPlatforms) = postSolution
		{435768C3-396D-48B9-9E52-F3F686D79123}.Debug|Any CPU.ActiveCfg = Debug|Any CPU
		{435768C3-396D-48B9-9E52-F3F686D79123}.Debug|Any CPU.Build.0 = Debug|Any CPU
		{435768C3-396D-48B9-9E52-F3F686D79123}.Release|Any CPU.ActiveCfg = Release|Any CPU
		{435768C3-396D-48B9-9E52-F3F686D79123}.Release|Any CPU.Build.0 = Release|Any CPU
		{D45C7D8C-2965-4B9B-B943-0DFD86BD62C6}.Debug|Any CPU.ActiveCfg = Debug|Any CPU
		{D45C7D8C-2965-4B9B-B943-0DFD86BD62C6}.Debug|Any CPU.Build.0 = Debug|Any CPU
		{D45C7D8C-2965-4B9B-B943-0DFD86BD62C6}.Release|Any CPU.ActiveCfg = Release|Any CPU
		{D45C7D8C-2965-4B9B-B943-0DFD86BD62C6}.Release|Any CPU.Build.0 = Release|Any CPU
	EndGlobalSection
EndGlobal
